
Microsoft Visual Studio Solution File, Format Version 12.00
# Visual Studio Version 17
VisualStudioVersion = 17.11.35222.181
MinimumVisualStudioVersion = 10.0.40219.1
Project("{9A19103F-16F7-4668-BE54-9A1E7A4F7556}") = "MerkleTree", "MerkleTree\MerkleTree.csproj", "{F6F40DFF-BAA3-4625-8958-63D7572BAB45}"
EndProject
Global
	GlobalSection(SolutionConfigurationPlatforms) = preSolution
		Debug|Any CPU = Debug|Any CPU
		Release|Any CPU = Release|Any CPU
	EndGlobalSection
	GlobalSection(ProjectConfigurationPlatforms) = postSolution
		{F6F40DFF-BAA3-4625-8958-63D7572BAB45}.Debug|Any CPU.ActiveCfg = Debug|Any CPU
		{F6F40DFF-BAA3-4625-8958-63D7572BAB45}.Debug|Any CPU.Build.0 = Debug|Any CPU
		{F6F40DFF-BAA3-4625-8958-63D7572BAB45}.Release|Any CPU.ActiveCfg = Release|Any CPU
		{F6F40DFF-BAA3-4625-8958-63D7572BAB45}.Release|Any CPU.Build.0 = Release|Any CPU
	EndGlobalSection
	GlobalSection(SolutionProperties) = preSolution
		HideSolutionNode = FALSE
	EndGlobalSection
	GlobalSection(ExtensibilityGlobals) = postSolution
		SolutionGuid = {09C2C3F4-B00A-485C-9BCC-2CCA6EB16896}
	EndGlobalSection
EndGlobal
